
Microsoft Visual Studio Solution File, Format Version 12.00
# Visual Studio 2012
Project("{FAE04EC0-301F-11D3-BF4B-00C04F79EFBC}") = "BizTalkComponents.PipelineComponents.SetProperty", "Src\SetProperty\BizTalkComponents.PipelineComponents.SetProperty.csproj", "{044C2159-82E6-43AF-8D87-3538DF1AF758}"
EndProject
Project("{2150E333-8FDC-42A3-9474-1A3956D46DE8}") = ".nuget", ".nuget", "{4F362CDB-B44E-4DB1-884D-D742BA5D20A1}"
	ProjectSection(SolutionItems) = preProject
		.nuget\NuGet.Config = .nuget\NuGet.Config
		.nuget\NuGet.exe = .nuget\NuGet.exe
		.nuget\NuGet.targets = .nuget\NuGet.targets
	EndProjectSection
EndProject
Project("{FAE04EC0-301F-11D3-BF4B-00C04F79EFBC}") = "BizTalkComponents.PipelineComponents.SetProperty.Tests.UnitTests", "Tests\UnitTests\BizTalkComponents.PipelineComponents.SetProperty.Tests.UnitTests.csproj", "{56D2E857-1398-48E0-A640-1ABC8DD2E689}"
EndProject
Project("{2150E333-8FDC-42A3-9474-1A3956D46DE8}") = "Build", "Build", "{3362970A-DB0B-4EA8-8BB7-B066FEA6CBF8}"
	ProjectSection(SolutionItems) = preProject
		Build\Build.proj = Build\Build.proj
	EndProjectSection
EndProject
Global
	GlobalSection(SolutionConfigurationPlatforms) = preSolution
		Debug|Any CPU = Debug|Any CPU
		Release|Any CPU = Release|Any CPU
	EndGlobalSection
	GlobalSection(ProjectConfigurationPlatforms) = postSolution
		{044C2159-82E6-43AF-8D87-3538DF1AF758}.Debug|Any CPU.ActiveCfg = Debug|Any CPU
		{044C2159-82E6-43AF-8D87-3538DF1AF758}.Debug|Any CPU.Build.0 = Debug|Any CPU
		{044C2159-82E6-43AF-8D87-3538DF1AF758}.Release|Any CPU.ActiveCfg = Release|Any CPU
		{044C2159-82E6-43AF-8D87-3538DF1AF758}.Release|Any CPU.Build.0 = Release|Any CPU
		{56D2E857-1398-48E0-A640-1ABC8DD2E689}.Debug|Any CPU.ActiveCfg = Debug|Any CPU
		{56D2E857-1398-48E0-A640-1ABC8DD2E689}.Debug|Any CPU.Build.0 = Debug|Any CPU
		{56D2E857-1398-48E0-A640-1ABC8DD2E689}.Release|Any CPU.ActiveCfg = Release|Any CPU
		{56D2E857-1398-48E0-A640-1ABC8DD2E689}.Release|Any CPU.Build.0 = Release|Any CPU
	EndGlobalSection
	GlobalSection(SolutionProperties) = preSolution
		HideSolutionNode = FALSE
	EndGlobalSection
EndGlobal
